lockfile_version: '1'
generated_at: '2026-06-18T09:19:12.882999+00:00'
apm_version: 0.20.0
dependencies:
- repo_url: ouyangwenzhe-51aes/cim-skills
  host: github.com
  resolved_commit: 6eb9f5f8f019dcd0a97d1751f72c3ab3973469b8
  package_type: marketplace_plugin
  deployed_files:
  - .agents/skills/00-skill-version-check
  - .agents/skills/00-skill-version-check/SKILL.md
  - .agents/skills/box
  - .agents/skills/box/SKILL.md
  - .agents/skills/bycircle
  - .agents/skills/bycircle/SKILL.md
  - .agents/skills/bypolygon
  - .agents/skills/bypolygon/SKILL.md
  - .agents/skills/byscreen
  - .agents/skills/byscreen/SKILL.md
  - .agents/skills/bytext
  - .agents/skills/bytext/SKILL.md
  - .agents/skills/contour
  - .agents/skills/contour/SKILL.md
  - .agents/skills/device
  - .agents/skills/device/SKILL.md
  - .agents/skills/dig-terrain
  - .agents/skills/dig-terrain/SKILL.md
  - .agents/skills/elevator
  - .agents/skills/elevator/SKILL.md
  - .agents/skills/get-path
  - .agents/skills/get-path/SKILL.md
  - .agents/skills/height-limit
  - .agents/skills/height-limit/SKILL.md
  - .agents/skills/initialization
  - .agents/skills/initialization/SKILL.md
  - .agents/skills/intervisible
  - .agents/skills/intervisible/SKILL.md
  - .agents/skills/keycommon
  - .agents/skills/keycommon/SKILL.md
  - .agents/skills/lifecircle
  - .agents/skills/lifecircle/SKILL.md
  - .agents/skills/openness
  - .agents/skills/openness/SKILL.md
  - .agents/skills/poi-get
  - .agents/skills/poi-get/SKILL.md
  - .agents/skills/poi-reset
  - .agents/skills/poi-reset/SKILL.md
  - .agents/skills/search-path
  - .agents/skills/search-path/SKILL.md
  - .agents/skills/select-path
  - .agents/skills/select-path/SKILL.md
  - .agents/skills/skyline
  - .agents/skills/skyline/SKILL.md
  - .agents/skills/sunlight
  - .agents/skills/sunlight/SKILL.md
  deployed_file_hashes:
    .agents/skills/00-skill-version-check/SKILL.md: sha256:c4cc170d3f7ab85acf91abc48c1686645dfd3657540e29ec9a1cfd948d722b77
    .agents/skills/box/SKILL.md: sha256:4f2926a209ec3e8fcb3571f7d02c1e338c1bb328528b92bc90931bf73b81aa1e
    .agents/skills/bycircle/SKILL.md: sha256:077d257664c0fd9a8e70031fd3cc3484af21df2afc3ba842694580fe5a48f16d
    .agents/skills/bypolygon/SKILL.md: sha256:c4306d834fca278e84dae4bf9cfc0459b37825859cc83becf2d068d8787181d1
    .agents/skills/byscreen/SKILL.md: sha256:8f07dd644a0eb6fb5d28976fd97748b2d8a181383eb217554990a06cea33dfaa
    .agents/skills/bytext/SKILL.md: sha256:2d3f4b00453570e0f8a773cdb0fbc6a97483d9b7034d7f7779d6dcd6e658b948
    .agents/skills/contour/SKILL.md: sha256:3c8e0e24c153ee2bc197f26357c5b1e883106dd7b1b094e1dbef2e3c40daacc0
    .agents/skills/device/SKILL.md: sha256:8ae02c03c0e2fc6e9f930d3c9c08e014aa5608bb3df4882c73b3c1e4d33acea6
    .agents/skills/dig-terrain/SKILL.md: sha256:ec6c12771b101e24704f4519d35d2ae682e520a953c5e21569d36e910cb1494b
    .agents/skills/elevator/SKILL.md: sha256:724d41eda107a2c749730856de1de10be29beee616fdb02f9ced95ad7cd67be6
    .agents/skills/get-path/SKILL.md: sha256:8d988e245e5581bc43c24179a71343baa08ae18e44d70bde2bba3a559cb1870f
    .agents/skills/height-limit/SKILL.md: sha256:b1c66428562f29abbb808e4b7eceb8dfab22c6935f6f38d3e2bb34ebcc4e88a8
    .agents/skills/initialization/SKILL.md: sha256:c08f98a2bf86bca14c70489149cd35c20f153978dc9a6f31c94be6db9d1daf92
    .agents/skills/intervisible/SKILL.md: sha256:d27924c0c83d65622a755eab758a546490f8c8b78f8d97c94cf86081c584e2ac
    .agents/skills/keycommon/SKILL.md: sha256:bf13dc8f5ac6ee028d9cae45b1fea80a8cdc3dcdadce35d31bfd50dc05d3fc05
    .agents/skills/lifecircle/SKILL.md: sha256:10fc5554088f97e238742a2fa6c2277dce9a83a092691670fdcb18681d53354e
    .agents/skills/openness/SKILL.md: sha256:2af02a2cf207fa04c871dded0d2eef1341296711bc330fec167f9e8852909eb7
    .agents/skills/poi-get/SKILL.md: sha256:f741db43ca67115a32fc9296f9fabc027bc16c906485646d9de95fe5c0227bc7
    .agents/skills/poi-reset/SKILL.md: sha256:49fc56bce9039daf8da79e12c65abcb6b99f59c6ab12d6f734280b32bd19fbcc
    .agents/skills/search-path/SKILL.md: sha256:019a4e0ed505cd1561c20930fb4e65373e16b0395c4553c36efe3d1ae37b227b
    .agents/skills/select-path/SKILL.md: sha256:8ddfae0812d4c698be2094675bbba3b10572ef96b49cec8b9c1b58968fea03a3
    .agents/skills/skyline/SKILL.md: sha256:24b90c7f6d237cc321037461b7cd79969bce4e88b324cc1b96099b95d676248b
    .agents/skills/sunlight/SKILL.md: sha256:2db336e1d2b3c2981b7f84c83e86d5ca204b351ed6dc85e5a351312f84a04df0
  content_hash: sha256:a9688656be9a81fdb111214c5b54759c63e74c2a1b221ac9957631c9046688d3
